
Microsoft Visual Studio Solution File, Format Version 12.00
# Visual Studio Version 16
VisualStudioVersion = 16.0.30330.147
MinimumVisualStudioVersion = 10.0.40219.1
Project("{FAE04EC0-301F-11D3-BF4B-00C04F79EFBC}") = "EventBusAndRabbitMQ.Infrastructure", "EventBusAndRabbitMQ.Infrastructure\EventBusAndRabbitMQ.Infrastructure.csproj", "{05C5EACC-2641-4231-BD4A-9796BA97AD4C}"
EndProject
Project("{FAE04EC0-301F-11D3-BF4B-00C04F79EFBC}") = "EventBusAndRabbitMQ.Application", "EventBusAndRabbitMQ.Application\EventBusAndRabbitMQ.Application.csproj", "{3DCCA611-8539-4954-9DA2-8F8C59EFCD70}"
EndProject
Project("{FAE04EC0-301F-11D3-BF4B-00C04F79EFBC}") = "EventBusAndRabbitMQ.Domain", "EventBusAndRabbitMQ.Domain\EventBusAndRabbitMQ.Domain.csproj", "{7A4BD17A-9027-4050-9C4E-34C0CAF80850}"
EndProject
Global
	GlobalSection(SolutionConfigurationPlatforms) = preSolution
		Debug|Any CPU = Debug|Any CPU
		Release|Any CPU = Release|Any CPU
	EndGlobalSection
	GlobalSection(ProjectConfigurationPlatforms) = postSolution
		{05C5EACC-2641-4231-BD4A-9796BA97AD4C}.Debug|Any CPU.ActiveCfg = Debug|Any CPU
		{05C5EACC-2641-4231-BD4A-9796BA97AD4C}.Debug|Any CPU.Build.0 = Debug|Any CPU
		{05C5EACC-2641-4231-BD4A-9796BA97AD4C}.Release|Any CPU.ActiveCfg = Release|Any CPU
		{05C5EACC-2641-4231-BD4A-9796BA97AD4C}.Release|Any CPU.Build.0 = Release|Any CPU
		{3DCCA611-8539-4954-9DA2-8F8C59EFCD70}.Debug|Any CPU.ActiveCfg = Debug|Any CPU
		{3DCCA611-8539-4954-9DA2-8F8C59EFCD70}.Debug|Any CPU.Build.0 = Debug|Any CPU
		{3DCCA611-8539-4954-9DA2-8F8C59EFCD70}.Release|Any CPU.ActiveCfg = Release|Any CPU
		{3DCCA611-8539-4954-9DA2-8F8C59EFCD70}.Release|Any CPU.Build.0 = Release|Any CPU
		{7A4BD17A-9027-4050-9C4E-34C0CAF80850}.Debug|Any CPU.ActiveCfg = Debug|Any CPU
		{7A4BD17A-9027-4050-9C4E-34C0CAF80850}.Debug|Any CPU.Build.0 = Debug|Any CPU
		{7A4BD17A-9027-4050-9C4E-34C0CAF80850}.Release|Any CPU.ActiveCfg = Release|Any CPU
		{7A4BD17A-9027-4050-9C4E-34C0CAF80850}.Release|Any CPU.Build.0 = Release|Any CPU
	EndGlobalSection
	GlobalSection(SolutionProperties) = preSolution
		HideSolutionNode = FALSE
	EndGlobalSection
	GlobalSection(ExtensibilityGlobals) = postSolution
		SolutionGuid = {B2F62FDB-AB3B-4906-BC90-A156A2504E9D}
	EndGlobalSection
EndGlobal
